{
  "dependencies": {
    "randombytes": {
      "version": "2.0.2"
    },
    "secp256k1": {
      "version": "2.0.8",
      "dependencies": {
        "bindings": {
          "version": "1.2.1"
        },
        "bluebird": {
          "version": "3.1.1"
        },
        "bn.js": {
          "version": "4.6.4"
        },
        "elliptic": {
          "version": "6.1.0",
          "dependencies": {
            "brorand": {
              "version": "1.0.5"
            },
            "hash.js": {
              "version": "1.0.3"
            },
            "inherits": {
              "version": "2.0.1"
            }
          }
        },
        "nan": {
          "version": "2.2.0"
        },
        "object-assign": {
          "version": "4.0.1"
        }
      }
    }
  }
}
